// !$*UTF8*$!
{
	archiveVersion = 1;
	classes = {
	};
	objectVersion = 77;
	objects = {

/* Begin PBXBuildFile section */
		FB3BB4782F20836E00B5A768 /* AWSDynamoDB in Frameworks */ = {isa = PBXBuildFile; productRef = FB3BB4772F20836E00B5A768 /* AWSDynamoDB */; };
		FB3BB47A2F20838200B5A768 /* AWSClientRuntime in Frameworks */ = {isa = PBXBuildFile; productRef = FB3BB4792F20838200B5A768 /* AWSClientRuntime */; };
		FB3BB47C2F20838B00B5A768 /* AWSCognitoIdentity in Frameworks */ = {isa = PBXBuildFile; productRef = FB3BB47B2F20838B00B5A768 /* AWSCognitoIdentity */; };
		FB3BB4A72F2154E500B5A768 /* Smithy in Frameworks */ = {isa = PBXBuildFile; productRef = FB3BB4A62F2154E500B5A768 /* Smithy */; };
/* End PBXBuildFile section */

/* Begin PBXContainerItemProxy section */
		FB8A44F22EEBB18100E28778 /* PBXContainerItemProxy */ = {
			isa = PBXContainerItemProxy;
			containerPortal = FB8A44DA2EEBB17E00E28778 /* Project object */;
			proxyType = 1;
			remoteGlobalIDString = FB8A44E12EEBB17E00E28778;
			remoteInfo = Guage;
		};
		FB8A44FC2EEBB18100E28778 /* PBXContainerItemProxy */ = {
			isa = PBXContainerItemProxy;
			containerPortal = FB8A44DA2EEBB17E00E28778 /* Project object */;
			proxyType = 1;
			remoteGlobalIDString = FB8A44E12EEBB17E00E28778;
			remoteInfo = Guage;
		};
/* End PBXContainerItemProxy section */

/* Begin PBXFileReference section */
		FB8A44E22EEBB17E00E28778 /* Guage.app */ = {isa = PBXFileReference; explicitFileType = wrapper.application; includeInIndex = 0; path = Guage.app; sourceTree = BUILT_PRODUCTS_DIR; };
		FB8A44F12EEBB18100E28778 /* GuageTests.xctest */ = {isa = PBXFileReference; explicitFileType = wrapper.cfbundle; includeInIndex = 0; path = GuageTests.xctest; sourceTree = BUILT_PRODUCTS_DIR; };
		FB8A44FB2EEBB18100E28778 /* GuageUITests.xctest */ = {isa = PBXFileReference; explicitFileType = wrapper.cfbundle; includeInIndex = 0; path = GuageUITests.xctest; sourceTree = BUILT_PRODUCTS_DIR; };
/* End PBXFileReference section */

/* Begin PBXFileSystemSynchronizedRootGroup section */
		FB8A44E42EEBB17E00E28778 /* Guage */ = {
			isa = PBXFileSystemSynchronizedRootGroup;
			path = Guage;
			sourceTree = "<group>";
		};
		FB8A44F42EEBB18100E28778 /* GuageTests */ = {
			isa = PBXFileSystemSynchronizedRootGroup;
			path = GuageTests;
			sourceTree = "<group>";
		};
		FB8A44FE2EEBB18100E28778 /* GuageUITests */ = {
			isa = PBXFileSystemSynchronizedRootGroup;
			path = GuageUITests;
			sourceTree = "<group>";
		};
/* End PBXFileSystemSynchronizedRootGroup section */

/* Begin PBXFrameworksBuildPhase section */
		FB8A44DF2EEBB17E00E28778 /* Frameworks */ = {
			isa = PBXFrameworksBuildPhase;
			buildActionMask = 2147483647;
			files = (
				FB3BB4A72F2154E500B5A768 /* Smithy in Frameworks */,
				FB3BB47C2F20838B00B5A768 /* AWSCognitoIdentity in Frameworks */,
				FB3BB47A2F20838200B5A768 /* AWSClientRuntime in Frameworks */,
				FB3BB4782F20836E00B5A768 /* AWSDynamoDB in Frameworks */,
			);
			runOnlyForDeploymentPostprocessing = 0;
		};
		FB8A44EE2EEBB18100E28778 /* Frameworks */ = {
			isa = PBXFrameworksBuildPhase;
			buildActionMask = 2147483647;
			files = (
			);
			runOnlyForDeploymentPostprocessing = 0;
		};
		FB8A44F82EEBB18100E28778 /* Frameworks */ = {
			isa = PBXFrameworksBuildPhase;
			buildActionMask = 2147483647;
			files = (
			);
			runOnlyForDeploymentPostprocessing = 0;
		};
/* End PBXFrameworksBuildPhase section */

/* Begin PBXGroup section */
		FB3BB4762F20836E00B5A768 /* Frameworks */ = {
			isa = PBXGroup;
			children = (
			);
			name = Frameworks;
			sourceTree = "<group>";
		};
		FB8A44D92EEBB17E00E28778 = {
			isa = PBXGroup;
			children = (
				FB8A44E42EEBB17E00E28778 /* Guage */,
				FB8A44F42EEBB18100E28778 /* GuageTests */,
				FB8A44FE2EEBB18100E28778 /* GuageUITests */,
				FB3BB4762F20836E00B5A768 /* Frameworks */,
				FB8A44E32EEBB17E00E28778 /* Products */,
			);
			sourceTree = "<group>";
		};
		FB8A44E32EEBB17E00E28778 /* Products */ = {
			isa = PBXGroup;
			children = (
				FB8A44E22EEBB17E00E28778 /* Guage.app */,
				FB8A44F12EEBB18100E28778 /* GuageTests.xctest */,
				FB8A44FB2EEBB18100E28778 /* GuageUITests.xctest */,
			);
			name = Products;
			sourceTree = "<group>";
		};
/* End PBXGroup section */

/* Begin PBXNativeTarget section */
		FB8A44E12EEBB17E00E28778 /* Guage */ = {
			isa = PBXNativeTarget;
			buildConfigurationList = FB8A45052EEBB18100E28778 /* Build configuration list for PBXNativeTarget "Guage" */;
			buildPhases = (
				FB8A44DE2EEBB17E00E28778 /* Sources */,
				FB8A44DF2EEBB17E00E28778 /* Frameworks */,
				FB8A44E02EEBB17E00E28778 /* Resources */,
			);
			buildRules = (
			);
			dependencies = (
			);
			fileSystemSynchronizedGroups = (
				FB8A44E42EEBB17E00E28778 /* Guage */,
			);
			name = Guage;
			packageProductDependencies = (
				FB3BB4772F20836E00B5A768 /* AWSDynamoDB */,
				FB3BB4792F20838200B5A768 /* AWSClientRuntime */,
				FB3BB47B2F20838B00B5A768 /* AWSCognitoIdentity */,
				FB3BB4A62F2154E500B5A768 /* Smithy */,
			);
			productName = Guage;
			productReference = FB8A44E22EEBB17E00E28778 /* Guage.app */;
			productType = "com.apple.product-type.application";
		};
		FB8A44F02EEBB18100E28778 /* GuageTests */ = {
			isa = PBXNativeTarget;
			buildConfigurationList = FB8A45082EEBB18100E28778 /* Build configuration list for PBXNativeTarget "GuageTests" */;
			buildPhases = (
				FB8A44ED2EEBB18100E28778 /* Sources */,
				FB8A44EE2EEBB18100E28778 /* Frameworks */,
				FB8A44EF2EEBB18100E28778 /* Resources */,
			);
			buildRules = (
			);
			dependencies = (
				FB8A44F32EEBB18100E28778 /* PBXTargetDependency */,
			);
			fileSystemSynchronizedGroups = (
				FB8A44F42EEBB18100E28778 /* GuageTests */,
			);
			name = GuageTests;
			packageProductDependencies = (
			);
			productName = GuageTests;
			productReference = FB8A44F12EEBB18100E28778 /* GuageTests.xctest */;
			productType = "com.apple.product-type.bundle.unit-test";
		};
		FB8A44FA2EEBB18100E28778 /* GuageUITests */ = {
			isa = PBXNativeTarget;
			buildConfigurationList = FB8A450B2EEBB18100E28778 /* Build configuration list for PBXNativeTarget "GuageUITests" */;
			buildPhases = (
				FB8A44F72EEBB18100E28778 /* Sources */,
				FB8A44F82EEBB18100E28778 /* Frameworks */,
				FB8A44F92EEBB18100E28778 /* Resources */,
			);
			buildRules = (
			);
			dependencies = (
				FB8A44FD2EEBB18100E28778 /* PBXTargetDependency */,
			);
			fileSystemSynchronizedGroups = (
				FB8A44FE2EEBB18100E28778 /* GuageUITests */,
			);
			name = GuageUITests;
			packageProductDependencies = (
			);
			productName = GuageUITests;
			productReference = FB8A44FB2EEBB18100E28778 /* GuageUITests.xctest */;
			productType = "com.apple.product-type.bundle.ui-testing";
		};
/* End PBXNativeTarget section */

/* Begin PBXProject section */
		FB8A44DA2EEBB17E00E28778 /* Project object */ = {
			isa = PBXProject;
			attributes = {
				BuildIndependentTargetsInParallel = 1;
				LastSwiftUpdateCheck = 2600;
				LastUpgradeCheck = 2600;
				TargetAttributes = {
					FB8A44E12EEBB17E00E28778 = {
						CreatedOnToolsVersion = 26.0;
					};
					FB8A44F02EEBB18100E28778 = {
						CreatedOnToolsVersion = 26.0;
						TestTargetID = FB8A44E12EEBB17E00E28778;
					};
					FB8A44FA2EEBB18100E28778 = {
						CreatedOnToolsVersion = 26.0;
						TestTargetID = FB8A44E12EEBB17E00E28778;
					};
				};
			};
			buildConfigurationList = FB8A44DD2EEBB17E00E28778 /* Build configuration list for PBXProject "Guage" */;
			developmentRegion = en;
			hasScannedForEncodings = 0;
			knownRegions = (
				en,
				Base,
			);
			mainGroup = FB8A44D92EEBB17E00E28778;
			minimizedProjectReferenceProxies = 1;
			packageReferences = (
				FB3BB4752F20826000B5A768 /* XCRemoteSwiftPackageReference "aws-sdk-swift" */,
				FB3BB4A52F2153F300B5A768 /* XCRemoteSwiftPackageReference "smithy-swift" */,
			);
			preferredProjectObjectVersion = 77;
			productRefGroup = FB8A44E32EEBB17E00E28778 /* Products */;
			projectDirPath = "";
			projectRoot = "";
			targets = (
				FB8A44E12EEBB17E00E28778 /* Guage */,
				FB8A44F02EEBB18100E28778 /* GuageTests */,
				FB8A44FA2EEBB18100E28778 /* GuageUITests */,
			);
		};
/* End PBXProject section */

/* Begin PBXResourcesBuildPhase section */
		FB8A44E02EEBB17E00E28778 /* Resources */ = {
			isa = PBXResourcesBuildPhase;
			buildActionMask = 2147483647;
			files = (
			);
			runOnlyForDeploymentPostprocessing = 0;
		};
		FB8A44EF2EEBB18100E28778 /* Resources */ = {
			isa = PBXResourcesBuildPhase;
			buildActionMask = 2147483647;
			files = (
			);
			runOnlyForDeploymentPostprocessing = 0;
		};
		FB8A44F92EEBB18100E28778 /* Resources */ = {
			isa = PBXResourcesBuildPhase;
			buildActionMask = 2147483647;
			files = (
			);
			runOnlyForDeploymentPostprocessing = 0;
		};
/* End PBXResourcesBuildPhase section */

/* Begin PBXSourcesBuildPhase section */
		FB8A44DE2EEBB17E00E28778 /* Sources */ = {
			isa = PBXSourcesBuildPhase;
			buildActionMask = 2147483647;
			files = (
			);
			runOnlyForDeploymentPostprocessing = 0;
		};
		FB8A44ED2EEBB18100E28778 /* Sources */ = {
			isa = PBXSourcesBuildPhase;
			buildActionMask = 2147483647;
			files = (
			);
			runOnlyForDeploymentPostprocessing = 0;
		};
		FB8A44F72EEBB18100E28778 /* Sources */ = {
			isa = PBXSourcesBuildPhase;
			buildActionMask = 2147483647;
			files = (
			);
			runOnlyForDeploymentPostprocessing = 0;
		};
/* End PBXSourcesBuildPhase section */

/* Begin PBXTargetDependency section */
		FB8A44F32EEBB18100E28778 /* PBXTargetDependency */ = {
			isa = PBXTargetDependency;
			target = FB8A44E12EEBB17E00E28778 /* Guage */;
			targetProxy = FB8A44F22EEBB18100E28778 /* PBXContainerItemProxy */;
		};
		FB8A44FD2EEBB18100E28778 /* PBXTargetDependency */ = {
			isa = PBXTargetDependency;
			target = FB8A44E12EEBB17E00E28778 /* Guage */;
			targetProxy = FB8A44FC2EEBB18100E28778 /* PBXContainerItemProxy */;
		};
/* End PBXTargetDependency section */

/* Begin XCBuildConfiguration section */
		FB8A45032EEBB18100E28778 /* Debug */ = {
			isa = XCBuildConfiguration;
			buildSettings = {
				ALWAYS_SEARCH_USER_PATHS = NO;
				ASSETCATALOG_COMPILER_GENERATE_SWIFT_ASSET_SYMBOL_EXTENSIONS = YES;
				CLANG_ANALYZER_NONNULL = YES;
				CLANG_ANALYZER_NUMBER_OBJECT_CONVERSION = YES_AGGRESSIVE;
				CLANG_CXX_LANGUAGE_STANDARD = "gnu++20";
				CLANG_ENABLE_MODULES = YES;
				CLANG_ENABLE_OBJC_ARC = YES;
				CLANG_ENABLE_OBJC_WEAK = YES;
				CLANG_WARN_BLOCK_CAPTURE_AUTORELEASING = YES;
				CLANG_WARN_BOOL_CONVERSION = YES;
				CLANG_WARN_COMMA = YES;
				CLANG_WARN_CONSTANT_CONVERSION = YES;
				CLANG_WARN_DEPRECATED_OBJC_IMPLEMENTATIONS = YES;
				CLANG_WARN_DIRECT_OBJC_ISA_USAGE = YES_ERROR;
				CLANG_WARN_DOCUMENTATION_COMMENTS = YES;
				CLANG_WARN_EMPTY_BODY = YES;
				CLANG_WARN_ENUM_CONVERSION = YES;
				CLANG_WARN_INFINITE_RECURSION = YES;
				CLANG_WARN_INT_CONVERSION = YES;
				CLANG_WARN_NON_LITERAL_NULL_CONVERSION = YES;
				CLANG_WARN_OBJC_IMPLICIT_RETAIN_SELF = YES;
				CLANG_WARN_OBJC_LITERAL_CONVERSION = YES;
				CLANG_WARN_OBJC_ROOT_CLASS = YES_ERROR;
				CLANG_WARN_QUOTED_INCLUDE_IN_FRAMEWORK_HEADER = YES;
				CLANG_WARN_RANGE_LOOP_ANALYSIS = YES;
				CLANG_WARN_STRICT_PROTOTYPES = YES;
				CLANG_WARN_SUSPICIOUS_MOVE = YES;
				CLANG_WARN_UNGUARDED_AVAILABILITY = YES_AGGRESSIVE;
				CLANG_WARN_UNREACHABLE_CODE = YES;
				CLANG_WARN__DUPLICATE_METHOD_MATCH = YES;
				COPY_PHASE_STRIP = NO;
				DEBUG_INFORMATION_FORMAT = dwarf;
				ENABLE_STRICT_OBJC_MSGSEND = YES;
				ENABLE_TESTABILITY = YES;
				ENABLE_USER_SCRIPT_SANDBOXING = YES;
				GCC_C_LANGUAGE_STANDARD = gnu17;
				GCC_DYNAMIC_NO_PIC = NO;
				GCC_NO_COMMON_BLOCKS = YES;
				GCC_OPTIMIZATION_LEVEL = 0;
				GCC_PREPROCESSOR_DEFINITIONS = (
					"DEBUG=1",
					"$(inherited)",
				);
				GCC_WARN_64_TO_32_BIT_CONVERSION = YES;
				GCC_WARN_ABOUT_RETURN_TYPE = YES_ERROR;
				GCC_WARN_UNDECLARED_SELECTOR = YES;
				GCC_WARN_UNINITIALIZED_AUTOS = YES_AGGRESSIVE;
				GCC_WARN_UNUSED_FUNCTION = YES;
				GCC_WARN_UNUSED_VARIABLE = YES;
				IPHONEOS_DEPLOYMENT_TARGET = 26.0;
				LOCALIZATION_PREFERS_STRING_CATALOGS = YES;
				MTL_ENABLE_DEBUG_INFO = INCLUDE_SOURCE;
				MTL_FAST_MATH = YES;
				ONLY_ACTIVE_ARCH = YES;
				SDKROOT = iphoneos;
				SWIFT_ACTIVE_COMPILATION_CONDITIONS = "DEBUG $(inherited)";
				SWIFT_OPTIMIZATION_LEVEL = "-Onone";
			};
			name = Debug;
		};
		FB8A45042EEBB18100E28778 /* Release */ = {
			isa = XCBuildConfiguration;
			buildSettings = {
				ALWAYS_SEARCH_USER_PATHS = NO;
				ASSETCATALOG_COMPILER_GENERATE_SWIFT_ASSET_SYMBOL_EXTENSIONS = YES;
				CLANG_ANALYZER_NONNULL = YES;
				CLANG_ANALYZER_NUMBER_OBJECT_CONVERSION = YES_AGGRESSIVE;
				CLANG_CXX_LANGUAGE_STANDARD = "gnu++20";
				CLANG_ENABLE_MODULES = YES;
				CLANG_ENABLE_OBJC_ARC = YES;
				CLANG_ENABLE_OBJC_WEAK = YES;
				CLANG_WARN_BLOCK_CAPTURE_AUTORELEASING = YES;
				CLANG_WARN_BOOL_CONVERSION = YES;
				CLANG_WARN_COMMA = YES;
				CLANG_WARN_CONSTANT_CONVERSION = YES;
				CLANG_WARN_DEPRECATED_OBJC_IMPLEMENTATIONS = YES;
				CLANG_WARN_DIRECT_OBJC_ISA_USAGE = YES_ERROR;
				CLANG_WARN_DOCUMENTATION_COMMENTS = YES;
				CLANG_WARN_EMPTY_BODY = YES;
				CLANG_WARN_ENUM_CONVERSION = YES;
				CLANG_WARN_INFINITE_RECURSION = YES;
				CLANG_WARN_INT_CONVERSION = YES;
				CLANG_WARN_NON_LITERAL_NULL_CONVERSION = YES;
				CLANG_WARN_OBJC_IMPLICIT_RETAIN_SELF = YES;
				CLANG_WARN_OBJC_LITERAL_CONVERSION = YES;
				CLANG_WARN_OBJC_ROOT_CLASS = YES_ERROR;
				CLANG_WARN_QUOTED_INCLUDE_IN_FRAMEWORK_HEADER = YES;
				CLANG_WARN_RANGE_LOOP_ANALYSIS = YES;
				CLANG_WARN_STRICT_PROTOTYPES = YES;
				CLANG_WARN_SUSPICIOUS_MOVE = YES;
				CLANG_WARN_UNGUARDED_AVAILABILITY = YES_AGGRESSIVE;
				CLANG_WARN_UNREACHABLE_CODE = YES;
				CLANG_WARN__DUPLICATE_METHOD_MATCH = YES;
				COPY_PHASE_STRIP = NO;
				DEBUG_INFORMATION_FORMAT = "dwarf-with-dsym";
				ENABLE_NS_ASSERTIONS = NO;
				ENABLE_STRICT_OBJC_MSGSEND = YES;
				ENABLE_USER_SCRIPT_SANDBOXING = YES;
				GCC_C_LANGUAGE_STANDARD = gnu17;
				GCC_NO_COMMON_BLOCKS = YES;
				GCC_WARN_64_TO_32_BIT_CONVERSION = YES;
				GCC_WARN_ABOUT_RETURN_TYPE = YES_ERROR;
				GCC_WARN_UNDECLARED_SELECTOR = YES;
				GCC_WARN_UNINITIALIZED_AUTOS = YES_AGGRESSIVE;
				GCC_WARN_UNUSED_FUNCTION = YES;
				GCC_WARN_UNUSED_VARIABLE = YES;
				IPHONEOS_DEPLOYMENT_TARGET = 26.0;
				LOCALIZATION_PREFERS_STRING_CATALOGS = YES;
				MTL_ENABLE_DEBUG_INFO = NO;
				MTL_FAST_MATH = YES;
				SDKROOT = iphoneos;
				SWIFT_COMPILATION_MODE = wholemodule;
				VALIDATE_PRODUCT = YES;
			};
			name = Release;
		};
		FB8A45062EEBB18100E28778 /* Debug */ = {
			isa = XCBuildConfiguration;
			buildSettings = {
				ASSETCATALOG_COMPILER_APPICON_NAME = AppIcon;
				ASSETCATALOG_COMPILER_GLOBAL_ACCENT_COLOR_NAME = AccentColor;
				CODE_SIGN_STYLE = Automatic;
				CURRENT_PROJECT_VERSION = 1;
				DEVELOPMENT_TEAM = ZX883XLKXX;
				ENABLE_PREVIEWS = YES;
				GENERATE_INFOPLIST_FILE = YES;
				INFOPLIST_KEY_UIApplicationSceneManifest_Generation = YES;
				INFOPLIST_KEY_UIApplicationSupportsIndirectInputEvents = YES;
				INFOPLIST_KEY_UILaunchScreen_Generation = YES;
				INFOPLIST_KEY_UISupportedInterfaceOrientations_iPad = "UIInterfaceOrientationPortrait UIInterfaceOrientationPortraitUpsideDown UIInterfaceOrientationLandscapeLeft UIInterfaceOrientationLandscapeRight";
				INFOPLIST_KEY_UISupportedInterfaceOrientations_iPhone = "UIInterfaceOrientationPortrait UIInterfaceOrientationLandscapeLeft UIInterfaceOrientationLandscapeRight";
				LD_RUNPATH_SEARCH_PATHS = (
					"$(inherited)",
					"@executable_path/Frameworks",
				);
				MARKETING_VERSION = 1.0;
				PRODUCT_BUNDLE_IDENTIFIER = com.bigdogs.Guage;
				PRODUCT_NAME = "$(TARGET_NAME)";
				STRING_CATALOG_GENERATE_SYMBOLS = YES;
				SWIFT_APPROACHABLE_CONCURRENCY = YES;
				SWIFT_DEFAULT_ACTOR_ISOLATION = MainActor;
				SWIFT_EMIT_LOC_STRINGS = YES;
				SWIFT_UPCOMING_FEATURE_MEMBER_IMPORT_VISIBILITY = YES;
				SWIFT_VERSION = 5.0;
				TARGETED_DEVICE_FAMILY = "1,2";
			};
			name = Debug;
		};
		FB8A45072EEBB18100E28778 /* Release */ = {
			isa = XCBuildConfiguration;
			buildSettings = {
				ASSETCATALOG_COMPILER_APPICON_NAME = AppIcon;
				ASSETCATALOG_COMPILER_GLOBAL_ACCENT_COLOR_NAME = AccentColor;
				CODE_SIGN_STYLE = Automatic;
				CURRENT_PROJECT_VERSION = 1;
				DEVELOPMENT_TEAM = ZX883XLKXX;
				ENABLE_PREVIEWS = YES;
				GENERATE_INFOPLIST_FILE = YES;
				INFOPLIST_KEY_UIApplicationSceneManifest_Generation = YES;
				INFOPLIST_KEY_UIApplicationSupportsIndirectInputEvents = YES;
				INFOPLIST_KEY_UILaunchScreen_Generation = YES;
				INFOPLIST_KEY_UISupportedInterfaceOrientations_iPad = "UIInterfaceOrientationPortrait UIInterfaceOrientationPortraitUpsideDown UIInterfaceOrientationLandscapeLeft UIInterfaceOrientationLandscapeRight";
				INFOPLIST_KEY_UISupportedInterfaceOrientations_iPhone = "UIInterfaceOrientationPortrait UIInterfaceOrientationLandscapeLeft UIInterfaceOrientationLandscapeRight";
				LD_RUNPATH_SEARCH_PATHS = (
					"$(inherited)",
					"@executable_path/Frameworks",
				);
				MARKETING_VERSION = 1.0;
				PRODUCT_BUNDLE_IDENTIFIER = com.bigdogs.Guage;
				PRODUCT_NAME = "$(TARGET_NAME)";
				STRING_CATALOG_GENERATE_SYMBOLS = YES;
				SWIFT_APPROACHABLE_CONCURRENCY = YES;
				SWIFT_DEFAULT_ACTOR_ISOLATION = MainActor;
				SWIFT_EMIT_LOC_STRINGS = YES;
				SWIFT_UPCOMING_FEATURE_MEMBER_IMPORT_VISIBILITY = YES;
				SWIFT_VERSION = 5.0;
				TARGETED_DEVICE_FAMILY = "1,2";
			};
			name = Release;
		};
		FB8A45092EEBB18100E28778 /* Debug */ = {
			isa = XCBuildConfiguration;
			buildSettings = {
				BUNDLE_LOADER = "$(TEST_HOST)";
				CODE_SIGN_STYLE = Automatic;
				CURRENT_PROJECT_VERSION = 1;
				GENERATE_INFOPLIST_FILE = YES;
				IPHONEOS_DEPLOYMENT_TARGET = 26.0;
				MARKETING_VERSION = 1.0;
				PRODUCT_BUNDLE_IDENTIFIER = com.bigdogs.GuageTests;
				PRODUCT_NAME = "$(TARGET_NAME)";
				STRING_CATALOG_GENERATE_SYMBOLS = NO;
				SWIFT_APPROACHABLE_CONCURRENCY = YES;
				SWIFT_EMIT_LOC_STRINGS = NO;
				SWIFT_UPCOMING_FEATURE_MEMBER_IMPORT_VISIBILITY = YES;
				SWIFT_VERSION = 5.0;
				TARGETED_DEVICE_FAMILY = "1,2";
				TEST_HOST = "$(BUILT_PRODUCTS_DIR)/Guage.app/$(BUNDLE_EXECUTABLE_FOLDER_PATH)/Guage";
			};
			name = Debug;
		};
		FB8A450A2EEBB18100E28778 /* Release */ = {
			isa = XCBuildConfiguration;
			buildSettings = {
				BUNDLE_LOADER = "$(TEST_HOST)";
				CODE_SIGN_STYLE = Automatic;
				CURRENT_PROJECT_VERSION = 1;
				GENERATE_INFOPLIST_FILE = YES;
				IPHONEOS_DEPLOYMENT_TARGET = 26.0;
				MARKETING_VERSION = 1.0;
				PRODUCT_BUNDLE_IDENTIFIER = com.bigdogs.GuageTests;
				PRODUCT_NAME = "$(TARGET_NAME)";
				STRING_CATALOG_GENERATE_SYMBOLS = NO;
				SWIFT_APPROACHABLE_CONCURRENCY = YES;
				SWIFT_EMIT_LOC_STRINGS = NO;
				SWIFT_UPCOMING_FEATURE_MEMBER_IMPORT_VISIBILITY = YES;
				SWIFT_VERSION = 5.0;
				TARGETED_DEVICE_FAMILY = "1,2";
				TEST_HOST = "$(BUILT_PRODUCTS_DIR)/Guage.app/$(BUNDLE_EXECUTABLE_FOLDER_PATH)/Guage";
			};
			name = Release;
		};
		FB8A450C2EEBB18100E28778 /* Debug */ = {
			isa = XCBuildConfiguration;
			buildSettings = {
				CODE_SIGN_STYLE = Automatic;
				CURRENT_PROJECT_VERSION = 1;
				GENERATE_INFOPLIST_FILE = YES;
				MARKETING_VERSION = 1.0;
				PRODUCT_BUNDLE_IDENTIFIER = com.bigdogs.GuageUITests;
				PRODUCT_NAME = "$(TARGET_NAME)";
				STRING_CATALOG_GENERATE_SYMBOLS = NO;
				SWIFT_APPROACHABLE_CONCURRENCY = YES;
				SWIFT_EMIT_LOC_STRINGS = NO;
				SWIFT_UPCOMING_FEATURE_MEMBER_IMPORT_VISIBILITY = YES;
				SWIFT_VERSION = 5.0;
				TARGETED_DEVICE_FAMILY = "1,2";
				TEST_TARGET_NAME = Guage;
			};
			name = Debug;
		};
		FB8A450D2EEBB18100E28778 /* Release */ = {
			isa = XCBuildConfiguration;
			buildSettings = {
				CODE_SIGN_STYLE = Automatic;
				CURRENT_PROJECT_VERSION = 1;
				GENERATE_INFOPLIST_FILE = YES;
				MARKETING_VERSION = 1.0;
				PRODUCT_BUNDLE_IDENTIFIER = com.bigdogs.GuageUITests;
				PRODUCT_NAME = "$(TARGET_NAME)";
				STRING_CATALOG_GENERATE_SYMBOLS = NO;
				SWIFT_APPROACHABLE_CONCURRENCY = YES;
				SWIFT_EMIT_LOC_STRINGS = NO;
				SWIFT_UPCOMING_FEATURE_MEMBER_IMPORT_VISIBILITY = YES;
				SWIFT_VERSION = 5.0;
				TARGETED_DEVICE_FAMILY = "1,2";
				TEST_TARGET_NAME = Guage;
			};
			name = Release;
		};
/* End XCBuildConfiguration section */

/* Begin XCConfigurationList section */
		FB8A44DD2EEBB17E00E28778 /* Build configuration list for PBXProject "Guage" */ = {
			isa = XCConfigurationList;
			buildConfigurations = (
				FB8A45032EEBB18100E28778 /* Debug */,
				FB8A45042EEBB18100E28778 /* Release */,
			);
			defaultConfigurationIsVisible = 0;
			defaultConfigurationName = Release;
		};
		FB8A45052EEBB18100E28778 /* Build configuration list for PBXNativeTarget "Guage" */ = {
			isa = XCConfigurationList;
			buildConfigurations = (
				FB8A45062EEBB18100E28778 /* Debug */,
				FB8A45072EEBB18100E28778 /* Release */,
			);
			defaultConfigurationIsVisible = 0;
			defaultConfigurationName = Release;
		};
		FB8A45082EEBB18100E28778 /* Build configuration list for PBXNativeTarget "GuageTests" */ = {
			isa = XCConfigurationList;
			buildConfigurations = (
				FB8A45092EEBB18100E28778 /* Debug */,
				FB8A450A2EEBB18100E28778 /* Release */,
			);
			defaultConfigurationIsVisible = 0;
			defaultConfigurationName = Release;
		};
		FB8A450B2EEBB18100E28778 /* Build configuration list for PBXNativeTarget "GuageUITests" */ = {
			isa = XCConfigurationList;
			buildConfigurations = (
				FB8A450C2EEBB18100E28778 /* Debug */,
				FB8A450D2EEBB18100E28778 /* Release */,
			);
			defaultConfigurationIsVisible = 0;
			defaultConfigurationName = Release;
		};
/* End XCConfigurationList section */

/* Begin XCRemoteSwiftPackageReference section */
		FB3BB4752F20826000B5A768 /* XCRemoteSwiftPackageReference "aws-sdk-swift" */ = {
			isa = XCRemoteSwiftPackageReference;
			repositoryURL = "https://github.com/awslabs/aws-sdk-swift?refid=9be0bd92-5325-400c-be5b-364a996d91f3";
			requirement = {
				kind = upToNextMajorVersion;
				minimumVersion = 1.6.37;
			};
		};
		FB3BB4A52F2153F300B5A768 /* XCRemoteSwiftPackageReference "smithy-swift" */ = {
			isa = XCRemoteSwiftPackageReference;
			repositoryURL = "https://github.com/awslabs/smithy-swift.git";
			requirement = {
				kind = upToNextMajorVersion;
				minimumVersion = 0.179.0;
			};
		};
/* End XCRemoteSwiftPackageReference section */

/* Begin XCSwiftPackageProductDependency section */
		FB3BB4772F20836E00B5A768 /* AWSDynamoDB */ = {
			isa = XCSwiftPackageProductDependency;
			package = FB3BB4752F20826000B5A768 /* XCRemoteSwiftPackageReference "aws-sdk-swift" */;
			productName = AWSDynamoDB;
		};
		FB3BB4792F20838200B5A768 /* AWSClientRuntime */ = {
			isa = XCSwiftPackageProductDependency;
			package = FB3BB4752F20826000B5A768 /* XCRemoteSwiftPackageReference "aws-sdk-swift" */;
			productName = AWSClientRuntime;
		};
		FB3BB47B2F20838B00B5A768 /* AWSCognitoIdentity */ = {
			isa = XCSwiftPackageProductDependency;
			package = FB3BB4752F20826000B5A768 /* XCRemoteSwiftPackageReference "aws-sdk-swift" */;
			productName = AWSCognitoIdentity;
		};
		FB3BB4A62F2154E500B5A768 /* Smithy */ = {
			isa = XCSwiftPackageProductDependency;
			package = FB3BB4A52F2153F300B5A768 /* XCRemoteSwiftPackageReference "smithy-swift" */;
			productName = Smithy;
		};
/* End XCSwiftPackageProductDependency section */
	};
	rootObject = FB8A44DA2EEBB17E00E28778 /* Project object */;
}
